// !$*UTF8*$!
{
	archiveVersion = 1;
	classes = {
	};
	objectVersion = 56;
	objects = {

/* Begin PBXBuildFile section */
		1975DED52ADAF0360024C3DC /* PhotoOfTheDayApp.swift in Sources */ = {isa = PBXBuildFile; fileRef = 1975DED42ADAF0360024C3DC /* PhotoOfTheDayApp.swift */; };
		1975DED72ADAF0360024C3DC /* ContentView.swift in Sources */ = {isa = PBXBuildFile; fileRef = 1975DED62ADAF0360024C3DC /* ContentView.swift */; };
		1975DED92ADAF0390024C3DC /* Assets.xcassets in Resources */ = {isa = PBXBuildFile; fileRef = 1975DED82ADAF0390024C3DC /* Assets.xcassets */; };
		1975DEDC2ADAF0390024C3DC /* Preview Assets.xcassets in Resources */ = {isa = PBXBuildFile; fileRef = 1975DEDB2ADAF0390024C3DC /* Preview Assets.xcassets */; };
		1975DEF02ADAF03A0024C3DC /* PhotoOfTheDayUITests.swift in Sources */ = {isa = PBXBuildFile; fileRef = 1975DEEF2ADAF03A0024C3DC /* PhotoOfTheDayUITests.swift */; };
		1975DEF22ADAF03A0024C3DC /* PhotoOfTheDayUITestsLaunchTests.swift in Sources */ = {isa = PBXBuildFile; fileRef = 1975DEF12ADAF03A0024C3DC /* PhotoOfTheDayUITestsLaunchTests.swift */; };
		1975DF002ADAF2AA0024C3DC /* NetworkProtocol.swift in Sources */ = {isa = PBXBuildFile; fileRef = 1975DEFF2ADAF2AA0024C3DC /* NetworkProtocol.swift */; };
		1975DF022ADAF2FD0024C3DC /* EndPoint.swift in Sources */ = {isa = PBXBuildFile; fileRef = 1975DF012ADAF2FD0024C3DC /* EndPoint.swift */; };
		1975DF042ADAF34F0024C3DC /* HTTPMethod.swift in Sources */ = {isa = PBXBuildFile; fileRef = 1975DF032ADAF34F0024C3DC /* HTTPMethod.swift */; };
		1975DF062ADAF4E90024C3DC /* NetworkClient.swift in Sources */ = {isa = PBXBuildFile; fileRef = 1975DF052ADAF4E90024C3DC /* NetworkClient.swift */; };
		1975DF0B2ADB02430024C3DC /* NetworkError.swift in Sources */ = {isa = PBXBuildFile; fileRef = 1975DF0A2ADB02430024C3DC /* NetworkError.swift */; };
		1975DF0F2ADB11C60024C3DC /* MockEndpoint.swift in Sources */ = {isa = PBXBuildFile; fileRef = 1975DF0E2ADB11C60024C3DC /* MockEndpoint.swift */; };
		1975DF112ADB12BA0024C3DC /* MockModel.swift in Sources */ = {isa = PBXBuildFile; fileRef = 1975DF102ADB12BA0024C3DC /* MockModel.swift */; };
		1975DF132ADB12F90024C3DC /* NetworkTests.swift in Sources */ = {isa = PBXBuildFile; fileRef = 1975DF122ADB12F90024C3DC /* NetworkTests.swift */; };
/* End PBXBuildFile section */

/* Begin PBXContainerItemProxy section */
		1975DEE22ADAF03A0024C3DC /* PBXContainerItemProxy */ = {
			isa = PBXContainerItemProxy;
			containerPortal = 1975DEC92ADAF0360024C3DC /* Project object */;
			proxyType = 1;
			remoteGlobalIDString = 1975DED02ADAF0360024C3DC;
			remoteInfo = PhotoOfTheDay;
		};
		1975DEEC2ADAF03A0024C3DC /* PBXContainerItemProxy */ = {
			isa = PBXContainerItemProxy;
			containerPortal = 1975DEC92ADAF0360024C3DC /* Project object */;
			proxyType = 1;
			remoteGlobalIDString = 1975DED02ADAF0360024C3DC;
			remoteInfo = PhotoOfTheDay;
		};
/* End PBXContainerItemProxy section */

/* Begin PBXFileReference section */
		1975DED12ADAF0360024C3DC /* PhotoOfTheDay.app */ = {isa = PBXFileReference; explicitFileType = wrapper.application; includeInIndex = 0; path = PhotoOfTheDay.app; sourceTree = BUILT_PRODUCTS_DIR; };
		1975DED42ADAF0360024C3DC /* PhotoOfTheDayApp.swift */ = {isa = PBXFileReference; lastKnownFileType = sourcecode.swift; path = PhotoOfTheDayApp.swift; sourceTree = "<group>"; };
		1975DED62ADAF0360024C3DC /* ContentView.swift */ = {isa = PBXFileReference; lastKnownFileType = sourcecode.swift; path = ContentView.swift; sourceTree = "<group>"; };
		1975DED82ADAF0390024C3DC /* Assets.xcassets */ = {isa = PBXFileReference; lastKnownFileType = folder.assetcatalog; path = Assets.xcassets; sourceTree = "<group>"; };
		1975DEDB2ADAF0390024C3DC /* Preview Assets.xcassets */ = {isa = PBXFileReference; lastKnownFileType = folder.assetcatalog; path = "Preview Assets.xcassets"; sourceTree = "<group>"; };
		1975DEE12ADAF03A0024C3DC /* PhotoOfTheDayTests.xctest */ = {isa = PBXFileReference; explicitFileType = wrapper.cfbundle; includeInIndex = 0; path = PhotoOfTheDayTests.xctest; sourceTree = BUILT_PRODUCTS_DIR; };
		1975DEEB2ADAF03A0024C3DC /* PhotoOfTheDayUITests.xctest */ = {isa = PBXFileReference; explicitFileType = wrapper.cfbundle; includeInIndex = 0; path = PhotoOfTheDayUITests.xctest; sourceTree = BUILT_PRODUCTS_DIR; };
		1975DEEF2ADAF03A0024C3DC /* PhotoOfTheDayUITests.swift */ = {isa = PBXFileReference; lastKnownFileType = sourcecode.swift; path = PhotoOfTheDayUITests.swift; sourceTree = "<group>"; };
		1975DEF12ADAF03A0024C3DC /* PhotoOfTheDayUITestsLaunchTests.swift */ = {isa = PBXFileReference; lastKnownFileType = sourcecode.swift; path = PhotoOfTheDayUITestsLaunchTests.swift; sourceTree = "<group>"; };
		1975DEFF2ADAF2AA0024C3DC /* NetworkProtocol.swift */ = {isa = PBXFileReference; lastKnownFileType = sourcecode.swift; path = NetworkProtocol.swift; sourceTree = "<group>"; };
		1975DF012ADAF2FD0024C3DC /* EndPoint.swift */ = {isa = PBXFileReference; lastKnownFileType = sourcecode.swift; path = EndPoint.swift; sourceTree = "<group>"; };
		1975DF032ADAF34F0024C3DC /* HTTPMethod.swift */ = {isa = PBXFileReference; lastKnownFileType = sourcecode.swift; path = HTTPMethod.swift; sourceTree = "<group>"; };
		1975DF052ADAF4E90024C3DC /* NetworkClient.swift */ = {isa = PBXFileReference; lastKnownFileType = sourcecode.swift; path = NetworkClient.swift; sourceTree = "<group>"; };
		1975DF0A2ADB02430024C3DC /* NetworkError.swift */ = {isa = PBXFileReference; lastKnownFileType = sourcecode.swift; path = NetworkError.swift; sourceTree = "<group>"; };
		1975DF0D2ADB11C60024C3DC /* PhotoOfTheDayTests-Bridging-Header.h */ = {isa = PBXFileReference; lastKnownFileType = sourcecode.c.h; path = "PhotoOfTheDayTests-Bridging-Header.h"; sourceTree = "<group>"; };
		1975DF0E2ADB11C60024C3DC /* MockEndpoint.swift */ = {isa = PBXFileReference; lastKnownFileType = sourcecode.swift; path = MockEndpoint.swift; sourceTree = "<group>"; };
		1975DF102ADB12BA0024C3DC /* MockModel.swift */ = {isa = PBXFileReference; lastKnownFileType = sourcecode.swift; path = MockModel.swift; sourceTree = "<group>"; };
		1975DF122ADB12F90024C3DC /* NetworkTests.swift */ = {isa = PBXFileReference; lastKnownFileType = sourcecode.swift; path = NetworkTests.swift; sourceTree = "<group>"; };
/* End PBXFileReference section */

/* Begin PBXFrameworksBuildPhase section */
		1975DECE2ADAF0360024C3DC /* Frameworks */ = {
			isa = PBXFrameworksBuildPhase;
			buildActionMask = 2147483647;
			files = (
			);
			runOnlyForDeploymentPostprocessing = 0;
		};
		1975DEDE2ADAF03A0024C3DC /* Frameworks */ = {
			isa = PBXFrameworksBuildPhase;
			buildActionMask = 2147483647;
			files = (
			);
			runOnlyForDeploymentPostprocessing = 0;
		};
		1975DEE82ADAF03A0024C3DC /* Frameworks */ = {
			isa = PBXFrameworksBuildPhase;
			buildActionMask = 2147483647;
			files = (
			);
			runOnlyForDeploymentPostprocessing = 0;
		};
/* End PBXFrameworksBuildPhase section */

/* Begin PBXGroup section */
		1975DEC82ADAF0360024C3DC = {
			isa = PBXGroup;
			children = (
				1975DED32ADAF0360024C3DC /* PhotoOfTheDay */,
				1975DEE42ADAF03A0024C3DC /* PhotoOfTheDayTests */,
				1975DEEE2ADAF03A0024C3DC /* PhotoOfTheDayUITests */,
				1975DED22ADAF0360024C3DC /* Products */,
			);
			sourceTree = "<group>";
		};
		1975DED22ADAF0360024C3DC /* Products */ = {
			isa = PBXGroup;
			children = (
				1975DED12ADAF0360024C3DC /* PhotoOfTheDay.app */,
				1975DEE12ADAF03A0024C3DC /* PhotoOfTheDayTests.xctest */,
				1975DEEB2ADAF03A0024C3DC /* PhotoOfTheDayUITests.xctest */,
			);
			name = Products;
			sourceTree = "<group>";
		};
		1975DED32ADAF0360024C3DC /* PhotoOfTheDay */ = {
			isa = PBXGroup;
			children = (
				1975DEFE2ADAF21F0024C3DC /* Network */,
				1975DED42ADAF0360024C3DC /* PhotoOfTheDayApp.swift */,
				1975DED62ADAF0360024C3DC /* ContentView.swift */,
				1975DED82ADAF0390024C3DC /* Assets.xcassets */,
				1975DEDA2ADAF0390024C3DC /* Preview Content */,
			);
			path = PhotoOfTheDay;
			sourceTree = "<group>";
		};
		1975DEDA2ADAF0390024C3DC /* Preview Content */ = {
			isa = PBXGroup;
			children = (
				1975DEDB2ADAF0390024C3DC /* Preview Assets.xcassets */,
			);
			path = "Preview Content";
			sourceTree = "<group>";
		};
		1975DEE42ADAF03A0024C3DC /* PhotoOfTheDayTests */ = {
			isa = PBXGroup;
			children = (
				1975DF0D2ADB11C60024C3DC /* PhotoOfTheDayTests-Bridging-Header.h */,
				1975DF0C2ADB119A0024C3DC /* Mock */,
				1975DF122ADB12F90024C3DC /* NetworkTests.swift */,
			);
			path = PhotoOfTheDayTests;
			sourceTree = "<group>";
		};
		1975DEEE2ADAF03A0024C3DC /* PhotoOfTheDayUITests */ = {
			isa = PBXGroup;
			children = (
				1975DEEF2ADAF03A0024C3DC /* PhotoOfTheDayUITests.swift */,
				1975DEF12ADAF03A0024C3DC /* PhotoOfTheDayUITestsLaunchTests.swift */,
			);
			path = PhotoOfTheDayUITests;
			sourceTree = "<group>";
		};
		1975DEFE2ADAF21F0024C3DC /* Network */ = {
			isa = PBXGroup;
			children = (
				1975DF052ADAF4E90024C3DC /* NetworkClient.swift */,
				1975DF092ADAF6D10024C3DC /* Base */,
			);
			path = Network;
			sourceTree = "<group>";
		};
		1975DF092ADAF6D10024C3DC /* Base */ = {
			isa = PBXGroup;
			children = (
				1975DEFF2ADAF2AA0024C3DC /* NetworkProtocol.swift */,
				1975DF012ADAF2FD0024C3DC /* EndPoint.swift */,
				1975DF032ADAF34F0024C3DC /* HTTPMethod.swift */,
				1975DF0A2ADB02430024C3DC /* NetworkError.swift */,
			);
			path = Base;
			sourceTree = "<group>";
		};
		1975DF0C2ADB119A0024C3DC /* Mock */ = {
			isa = PBXGroup;
			children = (
				1975DF0E2ADB11C60024C3DC /* MockEndpoint.swift */,
				1975DF102ADB12BA0024C3DC /* MockModel.swift */,
			);
			path = Mock;
			sourceTree = "<group>";
		};
/* End PBXGroup section */

/* Begin PBXNativeTarget section */
		1975DED02ADAF0360024C3DC /* PhotoOfTheDay */ = {
			isa = PBXNativeTarget;
			buildConfigurationList = 1975DEF52ADAF03A0024C3DC /* Build configuration list for PBXNativeTarget "PhotoOfTheDay" */;
			buildPhases = (
				1975DECD2ADAF0360024C3DC /* Sources */,
				1975DECE2ADAF0360024C3DC /* Frameworks */,
				1975DECF2ADAF0360024C3DC /* Resources */,
			);
			buildRules = (
			);
			dependencies = (
			);
			name = PhotoOfTheDay;
			productName = PhotoOfTheDay;
			productReference = 1975DED12ADAF0360024C3DC /* PhotoOfTheDay.app */;
			productType = "com.apple.product-type.application";
		};
		1975DEE02ADAF03A0024C3DC /* PhotoOfTheDayTests */ = {
			isa = PBXNativeTarget;
			buildConfigurationList = 1975DEF82ADAF03A0024C3DC /* Build configuration list for PBXNativeTarget "PhotoOfTheDayTests" */;
			buildPhases = (
				1975DEDD2ADAF03A0024C3DC /* Sources */,
				1975DEDE2ADAF03A0024C3DC /* Frameworks */,
				1975DEDF2ADAF03A0024C3DC /* Resources */,
			);
			buildRules = (
			);
			dependencies = (
				1975DEE32ADAF03A0024C3DC /* PBXTargetDependency */,
			);
			name = PhotoOfTheDayTests;
			productName = PhotoOfTheDayTests;
			productReference = 1975DEE12ADAF03A0024C3DC /* PhotoOfTheDayTests.xctest */;
			productType = "com.apple.product-type.bundle.unit-test";
		};
		1975DEEA2ADAF03A0024C3DC /* PhotoOfTheDayUITests */ = {
			isa = PBXNativeTarget;
			buildConfigurationList = 1975DEFB2ADAF03A0024C3DC /* Build configuration list for PBXNativeTarget "PhotoOfTheDayUITests" */;
			buildPhases = (
				1975DEE72ADAF03A0024C3DC /* Sources */,
				1975DEE82ADAF03A0024C3DC /* Frameworks */,
				1975DEE92ADAF03A0024C3DC /* Resources */,
			);
			buildRules = (
			);
			dependencies = (
				1975DEED2ADAF03A0024C3DC /* PBXTargetDependency */,
			);
			name = PhotoOfTheDayUITests;
			productName = PhotoOfTheDayUITests;
			productReference = 1975DEEB2ADAF03A0024C3DC /* PhotoOfTheDayUITests.xctest */;
			productType = "com.apple.product-type.bundle.ui-testing";
		};
/* End PBXNativeTarget section */

/* Begin PBXProject section */
		1975DEC92ADAF0360024C3DC /* Project object */ = {
			isa = PBXProject;
			attributes = {
				BuildIndependentTargetsInParallel = 1;
				LastSwiftUpdateCheck = 1420;
				LastUpgradeCheck = 1420;
				TargetAttributes = {
					1975DED02ADAF0360024C3DC = {
						CreatedOnToolsVersion = 14.2;
					};
					1975DEE02ADAF03A0024C3DC = {
						CreatedOnToolsVersion = 14.2;
						LastSwiftMigration = 1420;
						TestTargetID = 1975DED02ADAF0360024C3DC;
					};
					1975DEEA2ADAF03A0024C3DC = {
						CreatedOnToolsVersion = 14.2;
						TestTargetID = 1975DED02ADAF0360024C3DC;
					};
				};
			};
			buildConfigurationList = 1975DECC2ADAF0360024C3DC /* Build configuration list for PBXProject "PhotoOfTheDay" */;
			compatibilityVersion = "Xcode 14.0";
			developmentRegion = en;
			hasScannedForEncodings = 0;
			knownRegions = (
				en,
				Base,
			);
			mainGroup = 1975DEC82ADAF0360024C3DC;
			productRefGroup = 1975DED22ADAF0360024C3DC /* Products */;
			projectDirPath = "";
			projectRoot = "";
			targets = (
				1975DED02ADAF0360024C3DC /* PhotoOfTheDay */,
				1975DEE02ADAF03A0024C3DC /* PhotoOfTheDayTests */,
				1975DEEA2ADAF03A0024C3DC /* PhotoOfTheDayUITests */,
			);
		};
/* End PBXProject section */

/* Begin PBXResourcesBuildPhase section */
		1975DECF2ADAF0360024C3DC /* Resources */ = {
			isa = PBXResourcesBuildPhase;
			buildActionMask = 2147483647;
			files = (
				1975DEDC2ADAF0390024C3DC /* Preview Assets.xcassets in Resources */,
				1975DED92ADAF0390024C3DC /* Assets.xcassets in Resources */,
			);
			runOnlyForDeploymentPostprocessing = 0;
		};
		1975DEDF2ADAF03A0024C3DC /* Resources */ = {
			isa = PBXResourcesBuildPhase;
			buildActionMask = 2147483647;
			files = (
			);
			runOnlyForDeploymentPostprocessing = 0;
		};
		1975DEE92ADAF03A0024C3DC /* Resources */ = {
			isa = PBXResourcesBuildPhase;
			buildActionMask = 2147483647;
			files = (
			);
			runOnlyForDeploymentPostprocessing = 0;
		};
/* End PBXResourcesBuildPhase section */

/* Begin PBXSourcesBuildPhase section */
		1975DECD2ADAF0360024C3DC /* Sources */ = {
			isa = PBXSourcesBuildPhase;
			buildActionMask = 2147483647;
			files = (
				1975DED72ADAF0360024C3DC /* ContentView.swift in Sources */,
				1975DF0B2ADB02430024C3DC /* NetworkError.swift in Sources */,
				1975DED52ADAF0360024C3DC /* PhotoOfTheDayApp.swift in Sources */,
				1975DF022ADAF2FD0024C3DC /* EndPoint.swift in Sources */,
				1975DF042ADAF34F0024C3DC /* HTTPMethod.swift in Sources */,
				1975DF002ADAF2AA0024C3DC /* NetworkProtocol.swift in Sources */,
				1975DF062ADAF4E90024C3DC /* NetworkClient.swift in Sources */,
			);
			runOnlyForDeploymentPostprocessing = 0;
		};
		1975DEDD2ADAF03A0024C3DC /* Sources */ = {
			isa = PBXSourcesBuildPhase;
			buildActionMask = 2147483647;
			files = (
				1975DF132ADB12F90024C3DC /* NetworkTests.swift in Sources */,
				1975DF0F2ADB11C60024C3DC /* MockEndpoint.swift in Sources */,
				1975DF112ADB12BA0024C3DC /* MockModel.swift in Sources */,
			);
			runOnlyForDeploymentPostprocessing = 0;
		};
		1975DEE72ADAF03A0024C3DC /* Sources */ = {
			isa = PBXSourcesBuildPhase;
			buildActionMask = 2147483647;
			files = (
				1975DEF02ADAF03A0024C3DC /* PhotoOfTheDayUITests.swift in Sources */,
				1975DEF22ADAF03A0024C3DC /* PhotoOfTheDayUITestsLaunchTests.swift in Sources */,
			);
			runOnlyForDeploymentPostprocessing = 0;
		};
/* End PBXSourcesBuildPhase section */

/* Begin PBXTargetDependency section */
		1975DEE32ADAF03A0024C3DC /* PBXTargetDependency */ = {
			isa = PBXTargetDependency;
			target = 1975DED02ADAF0360024C3DC /* PhotoOfTheDay */;
			targetProxy = 1975DEE22ADAF03A0024C3DC /* PBXContainerItemProxy */;
		};
		1975DEED2ADAF03A0024C3DC /* PBXTargetDependency */ = {
			isa = PBXTargetDependency;
			target = 1975DED02ADAF0360024C3DC /* PhotoOfTheDay */;
			targetProxy = 1975DEEC2ADAF03A0024C3DC /* PBXContainerItemProxy */;
		};
/* End PBXTargetDependency section */

/* Begin XCBuildConfiguration section */
		1975DEF32ADAF03A0024C3DC /* Debug */ = {
			isa = XCBuildConfiguration;
			buildSettings = {
				ALWAYS_SEARCH_USER_PATHS = NO;
				CLANG_ANALYZER_NONNULL = YES;
				CLANG_ANALYZER_NUMBER_OBJECT_CONVERSION = YES_AGGRESSIVE;
				CLANG_CXX_LANGUAGE_STANDARD = "gnu++20";
				CLANG_ENABLE_MODULES = YES;
				CLANG_ENABLE_OBJC_ARC = YES;
				CLANG_ENABLE_OBJC_WEAK = YES;
				CLANG_WARN_BLOCK_CAPTURE_AUTORELEASING = YES;
				CLANG_WARN_BOOL_CONVERSION = YES;
				CLANG_WARN_COMMA = YES;
				CLANG_WARN_CONSTANT_CONVERSION = YES;
				CLANG_WARN_DEPRECATED_OBJC_IMPLEMENTATIONS = YES;
				CLANG_WARN_DIRECT_OBJC_ISA_USAGE = YES_ERROR;
				CLANG_WARN_DOCUMENTATION_COMMENTS = YES;
				CLANG_WARN_EMPTY_BODY = YES;
				CLANG_WARN_ENUM_CONVERSION = YES;
				CLANG_WARN_INFINITE_RECURSION = YES;
				CLANG_WARN_INT_CONVERSION = YES;
				CLANG_WARN_NON_LITERAL_NULL_CONVERSION = YES;
				CLANG_WARN_OBJC_IMPLICIT_RETAIN_SELF = YES;
				CLANG_WARN_OBJC_LITERAL_CONVERSION = YES;
				CLANG_WARN_OBJC_ROOT_CLASS = YES_ERROR;
				CLANG_WARN_QUOTED_INCLUDE_IN_FRAMEWORK_HEADER = YES;
				CLANG_WARN_RANGE_LOOP_ANALYSIS = YES;
				CLANG_WARN_STRICT_PROTOTYPES = YES;
				CLANG_WARN_SUSPICIOUS_MOVE = YES;
				CLANG_WARN_UNGUARDED_AVAILABILITY = YES_AGGRESSIVE;
				CLANG_WARN_UNREACHABLE_CODE = YES;
				CLANG_WARN__DUPLICATE_METHOD_MATCH = YES;
				COPY_PHASE_STRIP = NO;
				DEBUG_INFORMATION_FORMAT = dwarf;
				ENABLE_STRICT_OBJC_MSGSEND = YES;
				ENABLE_TESTABILITY = YES;
				GCC_C_LANGUAGE_STANDARD = gnu11;
				GCC_DYNAMIC_NO_PIC = NO;
				GCC_NO_COMMON_BLOCKS = YES;
				GCC_OPTIMIZATION_LEVEL = 0;
				GCC_PREPROCESSOR_DEFINITIONS = (
					"DEBUG=1",
					"$(inherited)",
				);
				GCC_WARN_64_TO_32_BIT_CONVERSION = YES;
				GCC_WARN_ABOUT_RETURN_TYPE = YES_ERROR;
				GCC_WARN_UNDECLARED_SELECTOR = YES;
				GCC_WARN_UNINITIALIZED_AUTOS = YES_AGGRESSIVE;
				GCC_WARN_UNUSED_FUNCTION = YES;
				GCC_WARN_UNUSED_VARIABLE = YES;
				IPHONEOS_DEPLOYMENT_TARGET = 16.2;
				MTL_ENABLE_DEBUG_INFO = INCLUDE_SOURCE;
				MTL_FAST_MATH = YES;
				ONLY_ACTIVE_ARCH = YES;
				SDKROOT = iphoneos;
				SWIFT_ACTIVE_COMPILATION_CONDITIONS = DEBUG;
				SWIFT_OPTIMIZATION_LEVEL = "-Onone";
			};
			name = Debug;
		};
		1975DEF42ADAF03A0024C3DC /* Release */ = {
			isa = XCBuildConfiguration;
			buildSettings = {
				ALWAYS_SEARCH_USER_PATHS = NO;
				CLANG_ANALYZER_NONNULL = YES;
				CLANG_ANALYZER_NUMBER_OBJECT_CONVERSION = YES_AGGRESSIVE;
				CLANG_CXX_LANGUAGE_STANDARD = "gnu++20";
				CLANG_ENABLE_MODULES = YES;
				CLANG_ENABLE_OBJC_ARC = YES;
				CLANG_ENABLE_OBJC_WEAK = YES;
				CLANG_WARN_BLOCK_CAPTURE_AUTORELEASING = YES;
				CLANG_WARN_BOOL_CONVERSION = YES;
				CLANG_WARN_COMMA = YES;
				CLANG_WARN_CONSTANT_CONVERSION = YES;
				CLANG_WARN_DEPRECATED_OBJC_IMPLEMENTATIONS = YES;
				CLANG_WARN_DIRECT_OBJC_ISA_USAGE = YES_ERROR;
				CLANG_WARN_DOCUMENTATION_COMMENTS = YES;
				CLANG_WARN_EMPTY_BODY = YES;
				CLANG_WARN_ENUM_CONVERSION = YES;
				CLANG_WARN_INFINITE_RECURSION = YES;
				CLANG_WARN_INT_CONVERSION = YES;
				CLANG_WARN_NON_LITERAL_NULL_CONVERSION = YES;
				CLANG_WARN_OBJC_IMPLICIT_RETAIN_SELF = YES;
				CLANG_WARN_OBJC_LITERAL_CONVERSION = YES;
				CLANG_WARN_OBJC_ROOT_CLASS = YES_ERROR;
				CLANG_WARN_QUOTED_INCLUDE_IN_FRAMEWORK_HEADER = YES;
				CLANG_WARN_RANGE_LOOP_ANALYSIS = YES;
				CLANG_WARN_STRICT_PROTOTYPES = YES;
				CLANG_WARN_SUSPICIOUS_MOVE = YES;
				CLANG_WARN_UNGUARDED_AVAILABILITY = YES_AGGRESSIVE;
				CLANG_WARN_UNREACHABLE_CODE = YES;
				CLANG_WARN__DUPLICATE_METHOD_MATCH = YES;
				COPY_PHASE_STRIP = NO;
				DEBUG_INFORMATION_FORMAT = "dwarf-with-dsym";
				ENABLE_NS_ASSERTIONS = NO;
				ENABLE_STRICT_OBJC_MSGSEND = YES;
				GCC_C_LANGUAGE_STANDARD = gnu11;
				GCC_NO_COMMON_BLOCKS = YES;
				GCC_WARN_64_TO_32_BIT_CONVERSION = YES;
				GCC_WARN_ABOUT_RETURN_TYPE = YES_ERROR;
				GCC_WARN_UNDECLARED_SELECTOR = YES;
				GCC_WARN_UNINITIALIZED_AUTOS = YES_AGGRESSIVE;
				GCC_WARN_UNUSED_FUNCTION = YES;
				GCC_WARN_UNUSED_VARIABLE = YES;
				IPHONEOS_DEPLOYMENT_TARGET = 16.2;
				MTL_ENABLE_DEBUG_INFO = NO;
				MTL_FAST_MATH = YES;
				SDKROOT = iphoneos;
				SWIFT_COMPILATION_MODE = wholemodule;
				SWIFT_OPTIMIZATION_LEVEL = "-O";
				VALIDATE_PRODUCT = YES;
			};
			name = Release;
		};
		1975DEF62ADAF03A0024C3DC /* Debug */ = {
			isa = XCBuildConfiguration;
			buildSettings = {
				ASSETCATALOG_COMPILER_APPICON_NAME = AppIcon;
				ASSETCATALOG_COMPILER_GLOBAL_ACCENT_COLOR_NAME = AccentColor;
				CODE_SIGN_STYLE = Automatic;
				CURRENT_PROJECT_VERSION = 1;
				DEVELOPMENT_ASSET_PATHS = "\"PhotoOfTheDay/Preview Content\"";
				DEVELOPMENT_TEAM = 96EWZNS6N9;
				ENABLE_PREVIEWS = YES;
				GENERATE_INFOPLIST_FILE = YES;
				INFOPLIST_KEY_UIApplicationSceneManifest_Generation = YES;
				INFOPLIST_KEY_UIApplicationSupportsIndirectInputEvents = YES;
				INFOPLIST_KEY_UILaunchScreen_Generation = YES;
				INFOPLIST_KEY_UISupportedInterfaceOrientations_iPad = "UIInterfaceOrientationPortrait UIInterfaceOrientationPortraitUpsideDown UIInterfaceOrientationLandscapeLeft UIInterfaceOrientationLandscapeRight";
				INFOPLIST_KEY_UISupportedInterfaceOrientations_iPhone = "UIInterfaceOrientationPortrait UIInterfaceOrientationLandscapeLeft UIInterfaceOrientationLandscapeRight";
				LD_RUNPATH_SEARCH_PATHS = (
					"$(inherited)",
					"@executable_path/Frameworks",
				);
				MARKETING_VERSION = 1.0;
				PRODUCT_BUNDLE_IDENTIFIER = com.test.PhotoOfTheDay;
				PRODUCT_NAME = "$(TARGET_NAME)";
				SWIFT_EMIT_LOC_STRINGS = YES;
				SWIFT_VERSION = 5.0;
				TARGETED_DEVICE_FAMILY = "1,2";
			};
			name = Debug;
		};
		1975DEF72ADAF03A0024C3DC /* Release */ = {
			isa = XCBuildConfiguration;
			buildSettings = {
				ASSETCATALOG_COMPILER_APPICON_NAME = AppIcon;
				ASSETCATALOG_COMPILER_GLOBAL_ACCENT_COLOR_NAME = AccentColor;
				CODE_SIGN_STYLE = Automatic;
				CURRENT_PROJECT_VERSION = 1;
				DEVELOPMENT_ASSET_PATHS = "\"PhotoOfTheDay/Preview Content\"";
				DEVELOPMENT_TEAM = 96EWZNS6N9;
				ENABLE_PREVIEWS = YES;
				GENERATE_INFOPLIST_FILE = YES;
				INFOPLIST_KEY_UIApplicationSceneManifest_Generation = YES;
				INFOPLIST_KEY_UIApplicationSupportsIndirectInputEvents = YES;
				INFOPLIST_KEY_UILaunchScreen_Generation = YES;
				INFOPLIST_KEY_UISupportedInterfaceOrientations_iPad = "UIInterfaceOrientationPortrait UIInterfaceOrientationPortraitUpsideDown UIInterfaceOrientationLandscapeLeft UIInterfaceOrientationLandscapeRight";
				INFOPLIST_KEY_UISupportedInterfaceOrientations_iPhone = "UIInterfaceOrientationPortrait UIInterfaceOrientationLandscapeLeft UIInterfaceOrientationLandscapeRight";
				LD_RUNPATH_SEARCH_PATHS = (
					"$(inherited)",
					"@executable_path/Frameworks",
				);
				MARKETING_VERSION = 1.0;
				PRODUCT_BUNDLE_IDENTIFIER = com.test.PhotoOfTheDay;
				PRODUCT_NAME = "$(TARGET_NAME)";
				SWIFT_EMIT_LOC_STRINGS = YES;
				SWIFT_VERSION = 5.0;
				TARGETED_DEVICE_FAMILY = "1,2";
			};
			name = Release;
		};
		1975DEF92ADAF03A0024C3DC /* Debug */ = {
			isa = XCBuildConfiguration;
			buildSettings = {
				ALWAYS_EMBED_SWIFT_STANDARD_LIBRARIES = YES;
				BUNDLE_LOADER = "$(TEST_HOST)";
				CLANG_ENABLE_MODULES = YES;
				CODE_SIGN_STYLE = Automatic;
				CURRENT_PROJECT_VERSION = 1;
				DEVELOPMENT_TEAM = 96EWZNS6N9;
				GENERATE_INFOPLIST_FILE = YES;
				IPHONEOS_DEPLOYMENT_TARGET = 16.2;
				LD_RUNPATH_SEARCH_PATHS = (
					"$(inherited)",
					"@executable_path/Frameworks",
					"@loader_path/Frameworks",
				);
				MARKETING_VERSION = 1.0;
				PRODUCT_BUNDLE_IDENTIFIER = com.test.PhotoOfTheDayTests;
				PRODUCT_NAME = "$(TARGET_NAME)";
				SWIFT_EMIT_LOC_STRINGS = NO;
				SWIFT_OBJC_BRIDGING_HEADER = "PhotoOfTheDayTests/PhotoOfTheDayTests-Bridging-Header.h";
				SWIFT_OPTIMIZATION_LEVEL = "-Onone";
				SWIFT_VERSION = 5.0;
				TARGETED_DEVICE_FAMILY = "1,2";
				TEST_HOST = "$(BUILT_PRODUCTS_DIR)/PhotoOfTheDay.app/$(BUNDLE_EXECUTABLE_FOLDER_PATH)/PhotoOfTheDay";
			};
			name = Debug;
		};
		1975DEFA2ADAF03A0024C3DC /* Release */ = {
			isa = XCBuildConfiguration;
			buildSettings = {
				ALWAYS_EMBED_SWIFT_STANDARD_LIBRARIES = YES;
				BUNDLE_LOADER = "$(TEST_HOST)";
				CLANG_ENABLE_MODULES = YES;
				CODE_SIGN_STYLE = Automatic;
				CURRENT_PROJECT_VERSION = 1;
				DEVELOPMENT_TEAM = 96EWZNS6N9;
				GENERATE_INFOPLIST_FILE = YES;
				IPHONEOS_DEPLOYMENT_TARGET = 16.2;
				LD_RUNPATH_SEARCH_PATHS = (
					"$(inherited)",
					"@executable_path/Frameworks",
					"@loader_path/Frameworks",
				);
				MARKETING_VERSION = 1.0;
				PRODUCT_BUNDLE_IDENTIFIER = com.test.PhotoOfTheDayTests;
				PRODUCT_NAME = "$(TARGET_NAME)";
				SWIFT_EMIT_LOC_STRINGS = NO;
				SWIFT_OBJC_BRIDGING_HEADER = "PhotoOfTheDayTests/PhotoOfTheDayTests-Bridging-Header.h";
				SWIFT_VERSION = 5.0;
				TARGETED_DEVICE_FAMILY = "1,2";
				TEST_HOST = "$(BUILT_PRODUCTS_DIR)/PhotoOfTheDay.app/$(BUNDLE_EXECUTABLE_FOLDER_PATH)/PhotoOfTheDay";
			};
			name = Release;
		};
		1975DEFC2ADAF03A0024C3DC /* Debug */ = {
			isa = XCBuildConfiguration;
			buildSettings = {
				ALWAYS_EMBED_SWIFT_STANDARD_LIBRARIES = YES;
				CODE_SIGN_STYLE = Automatic;
				CURRENT_PROJECT_VERSION = 1;
				DEVELOPMENT_TEAM = 96EWZNS6N9;
				GENERATE_INFOPLIST_FILE = YES;
				MARKETING_VERSION = 1.0;
				PRODUCT_BUNDLE_IDENTIFIER = com.test.PhotoOfTheDayUITests;
				PRODUCT_NAME = "$(TARGET_NAME)";
				SWIFT_EMIT_LOC_STRINGS = NO;
				SWIFT_VERSION = 5.0;
				TARGETED_DEVICE_FAMILY = "1,2";
				TEST_TARGET_NAME = PhotoOfTheDay;
			};
			name = Debug;
		};
		1975DEFD2ADAF03A0024C3DC /* Release */ = {
			isa = XCBuildConfiguration;
			buildSettings = {
				ALWAYS_EMBED_SWIFT_STANDARD_LIBRARIES = YES;
				CODE_SIGN_STYLE = Automatic;
				CURRENT_PROJECT_VERSION = 1;
				DEVELOPMENT_TEAM = 96EWZNS6N9;
				GENERATE_INFOPLIST_FILE = YES;
				MARKETING_VERSION = 1.0;
				PRODUCT_BUNDLE_IDENTIFIER = com.test.PhotoOfTheDayUITests;
				PRODUCT_NAME = "$(TARGET_NAME)";
				SWIFT_EMIT_LOC_STRINGS = NO;
				SWIFT_VERSION = 5.0;
				TARGETED_DEVICE_FAMILY = "1,2";
				TEST_TARGET_NAME = PhotoOfTheDay;
			};
			name = Release;
		};
/* End XCBuildConfiguration section */

/* Begin XCConfigurationList section */
		1975DECC2ADAF0360024C3DC /* Build configuration list for PBXProject "PhotoOfTheDay" */ = {
			isa = XCConfigurationList;
			buildConfigurations = (
				1975DEF32ADAF03A0024C3DC /* Debug */,
				1975DEF42ADAF03A0024C3DC /* Release */,
			);
			defaultConfigurationIsVisible = 0;
			defaultConfigurationName = Release;
		};
		1975DEF52ADAF03A0024C3DC /* Build configuration list for PBXNativeTarget "PhotoOfTheDay" */ = {
			isa = XCConfigurationList;
			buildConfigurations = (
				1975DEF62ADAF03A0024C3DC /* Debug */,
				1975DEF72ADAF03A0024C3DC /* Release */,
			);
			defaultConfigurationIsVisible = 0;
			defaultConfigurationName = Release;
		};
		1975DEF82ADAF03A0024C3DC /* Build configuration list for PBXNativeTarget "PhotoOfTheDayTests" */ = {
			isa = XCConfigurationList;
			buildConfigurations = (
				1975DEF92ADAF03A0024C3DC /* Debug */,
				1975DEFA2ADAF03A0024C3DC /* Release */,
			);
			defaultConfigurationIsVisible = 0;
			defaultConfigurationName = Release;
		};
		1975DEFB2ADAF03A0024C3DC /* Build configuration list for PBXNativeTarget "PhotoOfTheDayUITests" */ = {
			isa = XCConfigurationList;
			buildConfigurations = (
				1975DEFC2ADAF03A0024C3DC /* Debug */,
				1975DEFD2ADAF03A0024C3DC /* Release */,
			);
			defaultConfigurationIsVisible = 0;
			defaultConfigurationName = Release;
		};
/* End XCConfigurationList section */
	};
	rootObject = 1975DEC92ADAF0360024C3DC /* Project object */;
}
